
Microsoft Visual Studio Solution File, Format Version 12.00
# Visual Studio Version 17
VisualStudioVersion = 17.8.34309.116
MinimumVisualStudioVersion = 10.0.40219.1
Project("{FAE04EC0-301F-11D3-BF4B-00C04F79EFBC}") = "gsb_m3", "gsb_m3\gsb_m3.csproj", "{7CD9ECE5-4B9A-41E3-9B0A-F9FC3DBDA00B}"
EndProject
Global
	GlobalSection(SolutionConfigurationPlatforms) = preSolution
		Debug|Any CPU = Debug|Any CPU
		Release|Any CPU = Release|Any CPU
	EndGlobalSection
	GlobalSection(ProjectConfigurationPlatforms) = postSolution
		{7CD9ECE5-4B9A-41E3-9B0A-F9FC3DBDA00B}.Debug|Any CPU.ActiveCfg = Debug|Any CPU
		{7CD9ECE5-4B9A-41E3-9B0A-F9FC3DBDA00B}.Debug|Any CPU.Build.0 = Debug|Any CPU
		{7CD9ECE5-4B9A-41E3-9B0A-F9FC3DBDA00B}.Release|Any CPU.ActiveCfg = Release|Any CPU
		{7CD9ECE5-4B9A-41E3-9B0A-F9FC3DBDA00B}.Release|Any CPU.Build.0 = Release|Any CPU
	EndGlobalSection
	GlobalSection(SolutionProperties) = preSolution
		HideSolutionNode = FALSE
	EndGlobalSection
	GlobalSection(ExtensibilityGlobals) = postSolution
		SolutionGuid = {ACA026E5-1543-4BAB-82FB-50309D5B6384}
	EndGlobalSection
EndGlobal
